
Microsoft Visual Studio Solution File, Format Version 12.00
# Visual Studio Version 17
VisualStudioVersion = 17.5.002.0
MinimumVisualStudioVersion = 10.0.40219.1
Project("{9A19103F-16F7-4668-BE54-9A1E7A4F7556}") = "agilt-projekt.api", "agilt-projekt.api\agilt-projekt.api.csproj", "{20F92451-9DD4-473E-8976-54A68ADFF7B0}"
EndProject
Project("{9A19103F-16F7-4668-BE54-9A1E7A4F7556}") = "agilt-projekt.web", "agilt-projekt.web\agilt-projekt.web.csproj", "{458BED80-CA3A-474B-B89B-2B41121E373F}"
EndProject
Global
	GlobalSection(SolutionConfigurationPlatforms) = preSolution
		Debug|Any CPU = Debug|Any CPU
		Release|Any CPU = Release|Any CPU
	EndGlobalSection
	GlobalSection(ProjectConfigurationPlatforms) = postSolution
		{20F92451-9DD4-473E-8976-54A68ADFF7B0}.Debug|Any CPU.ActiveCfg = Debug|Any CPU
		{20F92451-9DD4-473E-8976-54A68ADFF7B0}.Debug|Any CPU.Build.0 = Debug|Any CPU
		{20F92451-9DD4-473E-8976-54A68ADFF7B0}.Release|Any CPU.ActiveCfg = Release|Any CPU
		{20F92451-9DD4-473E-8976-54A68ADFF7B0}.Release|Any CPU.Build.0 = Release|Any CPU
		{458BED80-CA3A-474B-B89B-2B41121E373F}.Debug|Any CPU.ActiveCfg = Debug|Any CPU
		{458BED80-CA3A-474B-B89B-2B41121E373F}.Debug|Any CPU.Build.0 = Debug|Any CPU
		{458BED80-CA3A-474B-B89B-2B41121E373F}.Release|Any CPU.ActiveCfg = Release|Any CPU
		{458BED80-CA3A-474B-B89B-2B41121E373F}.Release|Any CPU.Build.0 = Release|Any CPU
	EndGlobalSection
	GlobalSection(SolutionProperties) = preSolution
		HideSolutionNode = FALSE
	EndGlobalSection
	GlobalSection(ExtensibilityGlobals) = postSolution
		SolutionGuid = {04434C7A-2776-4D0F-A276-82EACEF3EA88}
	EndGlobalSection
EndGlobal
